# This file is autogenerated, do not edit; changes may be undone by the next 'dep ensure'.


[[projects]]
  digest = "1:167b6f65a6656de568092189ae791253939f076df60231fdd64588ac703892a1"
  name = "github.com/BurntSushi/toml"
  packages = ["."]
  pruneopts = "NUT"
  revision = "b26d9c308763d68093482582cea63d69be07a0f0"
  version = "v0.3.0"

[[projects]]
  digest = "1:2d3b918a38b7a2daf5a9209043b422c8f97803e5d5ea6f8a9d41fd3045ef38db"
  name = "github.com/Masterminds/squirrel"
  packages = ["."]
  pruneopts = "NUT"
  revision = "a6b93000bd219143c56c16e6cb1c4b91da3f224b"
  version = "v1.0"

[[projects]]
  branch = "master"
  digest = "1:c3e9dc7218d3339c0f7a8abfadfa34077a28b953cb09df3231ec70da93a1e33f"
  name = "github.com/alcortesm/tgz"
  packages = ["."]
  pruneopts = "NUT"
  revision = "9c5fe88206d7765837fed3732a42ef88fc51f1a1"

[[projects]]
  digest = "1:a3998b8ea2d61301e5dce8de279e789da031fb36cd98b374e7299591609c34f1"
  name = "github.com/bradleyfalzon/ghinstallation"
  packages = ["."]
  pruneopts = "NUT"
  revision = "3f4e9b1898e6b65e31827d5dccb97d91d59feaa3"
  version = "v0.1.2"

[[projects]]
  digest = "1:a2c1d0e43bd3baaa071d1b9ed72c27d78169b2b269f71c105ac4ba34b1be4a39"
  name = "github.com/davecgh/go-spew"
  packages = ["spew"]
  pruneopts = "NUT"
  revision = "346938d642f2ec3594ed81d874461961cd0faa76"
  version = "v1.1.0"

[[projects]]
  digest = "1:2e08f767623936c719c07f52e1c89bb5d8597aac6b5fe669e6e851b92cebbe69"
  name = "github.com/dgrijalva/jwt-go"
  packages = [
    ".",
    "request",
  ]
  pruneopts = "NUT"
  revision = "06ea1031745cb8b3dab3f6a236daf2b0aa468b7e"
  version = "v3.2.0"

[[projects]]
  digest = "1:de4a74b504df31145ffa8ca0c4edbffa2f3eb7f466753962184611b618fa5981"
  name = "github.com/emirpasic/gods"
  packages = [
    "containers",
    "lists",
    "lists/arraylist",
    "trees",
    "trees/binaryheap",
    "utils",
  ]
  pruneopts = "NUT"
  revision = "f6c17b524822278a87e3b3bd809fec33b51f5b46"
  version = "v1.9.0"

[[projects]]
  digest = "1:c38144c2e2d2cf5592dc55f08f69b491b15f4449c54e293710fe19ea0874fa90"
  name = "github.com/go-chi/chi"
  packages = [
    ".",
    "middleware",
  ]
  pruneopts = "NUT"
  revision = "b5294d10673813fac8558e7f47242bc9e61b4c25"
  version = "v3.3.3"

[[projects]]
  digest = "1:983cb7d70588854e2706e32c61698bbf0eab4956fca89e86c1c10d7213679a0e"
  name = "github.com/gogo/protobuf"
  packages = [
    "gogoproto",
    "proto",
    "protoc-gen-gogo/descriptor",
    "sortkeys",
    "types",
  ]
  pruneopts = "NUT"
  revision = "636bf0302bc95575d69441b25a2603156ffdddf1"
  version = "v1.1.1"

[[projects]]
  digest = "1:dba2eb731d0aa85da282a1afa4239603ff164856db8ab7e46c21f8a299255fac"
  name = "github.com/golang-migrate/migrate"
  packages = [
    ".",
    "database",
    "database/postgres",
    "source",
  ]
  pruneopts = "NUT"
  revision = "22f249514de9aa3f8a720a7cabbdd45d294f83a1"
  version = "v3.2.0"

[[projects]]
  branch = "master"
  digest = "1:ea49a8449bca90d790df7eb4144d9829b3942550da851aa6ecd7592820056e04"
  name = "github.com/golang/protobuf"
  packages = [
    "proto",
    "ptypes",
    "ptypes/any",
    "ptypes/duration",
    "ptypes/timestamp",
  ]
  pruneopts = "NUT"
  revision = "93b26e6a70e37abb14f2f88194949312b0592a84"

[[projects]]
  branch = "master"
  digest = "1:245bd4eb633039cd66106a5d340ae826d87f4e36a8602fcc940e14176fd26ea7"
  name = "github.com/google/btree"
  packages = ["."]
  pruneopts = "NUT"
  revision = "e89373fe6b4a7413d7acd6da1725b83ef713e6e4"

[[projects]]
  digest = "1:63ede27834b468648817fb80cfb95d40abfc61341f89cb7a0d6779b6aa955425"
  name = "github.com/google/go-github"
  packages = ["github"]
  pruneopts = "NUT"
  revision = "a5cb647b1fac8ba77e1cf25af2f9526658ab63e3"
  version = "v21.0.0"

[[projects]]
  branch = "master"
  digest = "1:a63cff6b5d8b95638bfe300385d93b2a6d9d687734b863da8e09dc834510a690"
  name = "github.com/google/go-querystring"
  packages = ["query"]
  pruneopts = "NUT"
  revision = "53e6ce116135b80d037921a7fdd5138cf32d7a8a"

[[projects]]
  digest = "1:c01767916c59f084bb7c41a7d5877c0f3099b1595cfa066e84ec6ad6b084dd89"
  name = "github.com/gorilla/context"
  packages = ["."]
  pruneopts = "NUT"
  revision = "08b5f424b9271eedf6f9f0ce86cb9396ed337a42"
  version = "v1.1.1"

[[projects]]
  digest = "1:0faa8131e5822f3420f82426667a29c5c425c3cb7e0fcf0c5d1c718d6e6ba19b"
  name = "github.com/gorilla/securecookie"
  packages = ["."]
  pruneopts = "NUT"
  revision = "e59506cc896acb7f7bf732d4fdf5e25f7ccd8983"
  version = "v1.1.1"

[[projects]]
  digest = "1:47397e09ed21e6c4cb434668a7ef7cfb017d1fb4e9345416b2485ca6393a7906"
  name = "github.com/gorilla/sessions"
  packages = ["."]
  pruneopts = "NUT"
  revision = "f57b7e2d29c6211d16ffa52a0998272f75799030"
  version = "v1.1.3"

[[projects]]
  branch = "master"
  digest = "1:7fdf3223c7372d1ced0b98bf53457c5e89d89aecbad9a77ba9fcc6e01f9e5621"
  name = "github.com/gregjones/httpcache"
  packages = [
    ".",
    "diskcache",
  ]
  pruneopts = "NUT"
  revision = "9cad4c3443a7200dd6400aef47183728de563a38"

[[projects]]
  digest = "1:7fdbd8167ecc1f2d879c2379d5b57f1979aa61c76822610b22b15301c9a3df7b"
  name = "github.com/grpc-ecosystem/go-grpc-middleware"
  packages = [
    ".",
    "logging",
  ]
  pruneopts = "NUT"
  revision = "c250d6563d4d4c20252cd865923440e829844f4e"
  version = "v1.0.0"

[[projects]]
  digest = "1:b42cde0e1f3c816dd57f57f7bbcf05ca40263ad96f168714c130c611fc0856a6"
  name = "github.com/hashicorp/golang-lru"
  packages = [
    ".",
    "simplelru",
  ]
  pruneopts = "NUT"
  revision = "20f1fb78b0740ba8c3cb143a61e86ba5c8669768"
  version = "v0.5.0"

[[projects]]
  branch = "master"
  digest = "1:62fe3a7ea2050ecbd753a71889026f83d73329337ada66325cbafd5dea5f713d"
  name = "github.com/jbenet/go-context"
  packages = ["io"]
  pruneopts = "NUT"
  revision = "d14ea06fba99483203c19d92cfcd13ebe73135f4"

[[projects]]
  digest = "1:d0fbb40af7faf9cc62d1728be5fdd140ae17ce6e2aac6371971a0a6a2cc139d3"
  name = "github.com/jessevdk/go-flags"
  packages = ["."]
  pruneopts = "NUT"
  revision = "c6ca198ec95c841fdb89fc0de7496fed11ab854e"
  version = "v1.4.0"

[[projects]]
  branch = "master"
  digest = "1:6c2f939d99ad2074a4113c36aa93fa792ede8ff0b8cdb97634b41b9c5da7fab6"
  name = "github.com/jinzhu/copier"
  packages = ["."]
  pruneopts = "NUT"
  revision = "7e38e58719c33e0d44d585c4ab477a30f8cb82dd"

[[projects]]
  digest = "1:ebd0081aed1cd0af2f65a362c0ceea985eae9fe72efb28cefb84eca3b98dd3a3"
  name = "github.com/jpillora/backoff"
  packages = ["."]
  pruneopts = "NUT"
  revision = "8eab2debe79d12b7bd3d10653910df25fa9552ba"
  version = "1.0.0"

[[projects]]
  digest = "1:b8870bf2606dca65dc382f4cb8b7a434f17ff36a915451bda12788e9620be368"
  name = "github.com/kelseyhightower/envconfig"
  packages = ["."]
  pruneopts = "NUT"
  revision = "f611eb38b3875cc3bd991ca91c51d06446afa14c"
  version = "v1.3.0"

[[projects]]
  digest = "1:8021af4dcbd531ae89433c8c3a6520e51064114aaf8eb1724c3cf911c497c9ba"
  name = "github.com/kevinburke/ssh_config"
  packages = ["."]
  pruneopts = "NUT"
  revision = "9fc7bb800b555d63157c65a904c86a2cc7b4e795"
  version = "0.4"

[[projects]]
  digest = "1:4059c14e87a2de3a434430340521b5feece186c1469eff0834c29a63870de3ed"
  name = "github.com/konsorten/go-windows-terminal-sequences"
  packages = ["."]
  pruneopts = "NUT"
  revision = "5c8c8bd35d3832f5d134ae1e1e375b69a4d25242"
  version = "v1.0.1"

[[projects]]
  branch = "master"
  digest = "1:edc2689ab4f5b3ce111f504b42e76160a0192df86bbe8ce8c0abab749fccd538"
  name = "github.com/lann/builder"
  packages = ["."]
  pruneopts = "NUT"
  revision = "1b87b36280d04fe7882d1512bf038ea2967ad534"

[[projects]]
  branch = "master"
  digest = "1:1a5446024e4eb6d3a2edba01be7f0d360023d4c84efb9e0be1a73de1d1c840c5"
  name = "github.com/lann/ps"
  packages = ["."]
  pruneopts = "NUT"
  revision = "62de8c46ede02a7675c4c79c84883eb164cb71e3"

[[projects]]
  branch = "master"
  digest = "1:6415011db6d5f89961c38446f3552c74749462bef94904534c55e3dda1affeb9"
  name = "github.com/lib/pq"
  packages = [
    ".",
    "oid",
  ]
  pruneopts = "NUT"
  revision = "90697d60dd844d5ef6ff15135d0203f65d2f53b8"

[[projects]]
  digest = "1:08c231ec84231a7e23d67e4b58f975e1423695a32467a362ee55a803f9de8061"
  name = "github.com/mattn/go-colorable"
  packages = ["."]
  pruneopts = "NUT"
  revision = "167de6bfdfba052fa6b2d3664c8f5272e23c9072"
  version = "v0.0.9"

[[projects]]
  digest = "1:bc4f7eec3b7be8c6cb1f0af6c1e3333d5bb71072951aaaae2f05067b0803f287"
  name = "github.com/mattn/go-isatty"
  packages = ["."]
  pruneopts = "NUT"
  revision = "0360b2af4f38e8d38c7fce2a9f4e702702d73a39"
  version = "v0.0.3"

[[projects]]
  branch = "master"
  digest = "1:e1ca43ca8774cfff2a43265116b8ccc8221fcb994843a1124071d65dab1507e9"
  name = "github.com/mcuadros/go-lookup"
  packages = ["."]
  pruneopts = "NUT"
  revision = "5650f26be7675b629fff8356a50d906fa03e9c8b"

[[projects]]
  branch = "master"
  digest = "1:063d55b87e200bced5e2be658cc70acafb4c5bbc4afa04d4b82f66298b73d089"
  name = "github.com/mgutz/ansi"
  packages = ["."]
  pruneopts = "NUT"
  revision = "9520e82c474b0a04dd04f8a40959027271bab992"

[[projects]]
  branch = "master"
  digest = "1:9db29b604bd78452d167abed82386ddd2f93973df3841896fb6ab8aff936f1d6"
  name = "github.com/mitchellh/go-homedir"
  packages = ["."]
  pruneopts = "NUT"
  revision = "3864e76763d94a6df2f9960b16a20a33da9f9a66"

[[projects]]
  branch = "master"
  digest = "1:e2962a2cae643693cc9704d8a464665f05c365d276d41005209b8af66c106dfe"
  name = "github.com/mwitkow/grpc-proxy"
  packages = ["proxy"]
  pruneopts = "NUT"
  revision = "0f1106ef9c766333b9acb4b81e705da4bade7215"

[[projects]]
  digest = "1:592fd1b8b9c8189db56dd6f1fd73f89825c25b6b636032350d4b2b639964520b"
  name = "github.com/oklog/ulid"
  packages = ["."]
  pruneopts = "NUT"
  revision = "8356aea91ceecc7d00ef87508040d1031adb2953"
  version = "v1.0.0"

[[projects]]
  digest = "1:cf254277d898b713195cc6b4a3fac8bf738b9f1121625df27843b52b267eec6c"
  name = "github.com/pelletier/go-buffruneio"
  packages = ["."]
  pruneopts = "NUT"
  revision = "c37440a7cf42ac63b919c752ca73a85067e05992"
  version = "v0.2.0"

[[projects]]
  branch = "master"
  digest = "1:3bf17a6e6eaa6ad24152148a631d18662f7212e21637c2699bff3369b7f00fa2"
  name = "github.com/petar/GoLLRB"
  packages = ["llrb"]
  pruneopts = "NUT"
  revision = "53be0d36a84c2a886ca057d34b6aa4468df9ccb4"

[[projects]]
  digest = "1:6c6d91dc326ed6778783cff869c49fb2f61303cdd2ebbcf90abe53505793f3b6"
  name = "github.com/peterbourgon/diskv"
  packages = ["."]
  pruneopts = "NUT"
  revision = "5f041e8faa004a95c88a202771f4cc3e991971e6"
  version = "v2.0.1"

[[projects]]
  digest = "1:5cf3f025cbee5951a4ee961de067c8a89fc95a5adabead774f82822efabab121"
  name = "github.com/pkg/errors"
  packages = ["."]
  pruneopts = "NUT"
  revision = "645ef00459ed84a119197bfb8d8205042c6df63d"
  version = "v0.8.0"

[[projects]]
  digest = "1:0028cb19b2e4c3112225cd871870f2d9cf49b9b4276531f03438a88e94be86fe"
  name = "github.com/pmezard/go-difflib"
  packages = ["difflib"]
  pruneopts = "NUT"
  revision = "792786c7400a136282c1664665ae0a8db921c6c2"
  version = "v1.0.0"

[[projects]]
  digest = "1:f250ca51e5b9215bc2df18f92060a9a835e9f85ab18ebbba0e1a6ef1f8fcdbfe"
  name = "github.com/rs/cors"
  packages = ["."]
  pruneopts = "NUT"
  revision = "9a47f48565a795472d43519dd49aac781f3034fb"
  version = "v1.6.0"

[[projects]]
  digest = "1:5cb64ae11c6690416028ba76726f101ffc669cbfacf05cdb5607c52bcfff11a0"
  name = "github.com/sanity-io/litter"
  packages = ["."]
  pruneopts = "NUT"
  revision = "09e3a73d5b65eac2f14578aec8fb74ee9b4f1a5e"

[[projects]]
  branch = "master"
  digest = "1:8737b20e873c7cad069dfafd6382659b4cdf9e80359cdc159b8ec464893c932e"
  name = "github.com/satori/go.uuid"
  packages = ["."]
  pruneopts = "NUT"
  revision = "36e9d2ebbde5e3f13ab2e25625fd453271d6522e"

[[projects]]
  digest = "1:d917313f309bda80d27274d53985bc65651f81a5b66b820749ac7f8ef061fd04"
  name = "github.com/sergi/go-diff"
  packages = ["diffmatchpatch"]
  pruneopts = "NUT"
  revision = "1744e2970ca51c86172c8190fadad617561ed6e7"
  version = "v1.0.0"

[[projects]]
  digest = "1:ecf78eacf406c42f07f66d6b79fda24d2b92dc711bfd0760d0c931678f9621fe"
  name = "github.com/sirupsen/logrus"
  packages = ["."]
  pruneopts = "NUT"
  revision = "ad15b42461921f1fb3529b058c6786c6a45d5162"
  version = "v1.1.1"

[[projects]]
  digest = "1:fcd6de2209e4598560eb0fdbe1c535553db7f5c2d0f24ee3ece77b7ae8334ce1"
  name = "github.com/src-d/envconfig"
  packages = ["."]
  pruneopts = "NUT"
  revision = "0280e33525f5d88edb71638a80b31724153225ba"
  version = "v1.0.0"

[[projects]]
  digest = "1:ccca1dcd18bc54e23b517a3c5babeff2e3924a7d8fc1932162225876cfe4bfb0"
  name = "github.com/src-d/gcfg"
  packages = [
    ".",
    "scanner",
    "token",
    "types",
  ]
  pruneopts = "NUT"
  revision = "f187355171c936ac84a82793659ebb4936bc1c23"
  version = "v1.3.0"

[[projects]]
  branch = "master"
  digest = "1:36d801c057aadb14b3e7e3a19640199072cb0a9bc194968d622016572777b6b0"
  name = "github.com/src-d/lookout-test-fixtures"
  packages = ["."]
  pruneopts = "NUT"
  revision = "6ed9bf1fcf2a2d0ef170646acc041c2926eff51c"

[[projects]]
  branch = "master"
  digest = "1:538154cd1551f1df56485310c0edf2f217df9232a11b4a0decd5b390d908dae3"
  name = "github.com/streadway/amqp"
  packages = ["."]
  pruneopts = "NUT"
  revision = "70e15c650864f4fc47f5d3c82ea117285480895d"

[[projects]]
  digest = "1:60a46e2410edbf02b419f833372dd1d24d7aa1b916a990a7370e792fada1eadd"
  name = "github.com/stretchr/objx"
  packages = ["."]
  pruneopts = "NUT"
  revision = "477a77ecc69700c7cdeb1fa9e129548e1c1c393c"
  version = "v0.1.1"

[[projects]]
  digest = "1:f1e5a94fc8fde9a67a97106d7d7d386ad0b938b41fde2b110e70447590aea6e7"
  name = "github.com/stretchr/testify"
  packages = [
    "assert",
    "mock",
    "require",
    "suite",
  ]
  pruneopts = "NUT"
  revision = "f35b8ab0b5a2cef36673838d662e249dd9c94686"
  version = "v1.2.2"

[[projects]]
  branch = "master"
  digest = "1:00dde67969c6b5ac2d7bfe189a394095d7be3adff2bb915909235cb697e05d13"
  name = "github.com/toqueteos/trie"
  packages = ["."]
  pruneopts = "NUT"
  revision = "56fed4a05683322f125e2d78ee269bb102280392"

[[projects]]
  digest = "1:c950ed18f9e7d881d16e226c5612fea8acceb241a0d04c3dad5c0d22c24381c5"
  name = "github.com/x-cray/logrus-prefixed-formatter"
  packages = ["."]
  pruneopts = "NUT"
  revision = "bb2702d423886830dee131692131d35648c382e2"
  version = "v0.5.2"

[[projects]]
  branch = "master"
  digest = "1:32f404b24ed45696289cb62b3f9415ea6094de09ef90588c7272150f866ad28e"
  name = "github.com/xanzy/ssh-agent"
  packages = ["."]
  pruneopts = "NUT"
  revision = "ba9c9e33906f58169366275e3450db66139a31a9"

[[projects]]
  branch = "master"
  digest = "1:fc9b8c739a290a9c09b3006bc176bb2e8712fd8da08fc173b1e4307d27ebc8fe"
  name = "golang.org/x/crypto"
  packages = [
    "cast5",
    "curve25519",
    "ed25519",
    "ed25519/internal/edwards25519",
    "internal/chacha20",
    "internal/subtle",
    "openpgp",
    "openpgp/armor",
    "openpgp/elgamal",
    "openpgp/errors",
    "openpgp/packet",
    "openpgp/s2k",
    "poly1305",
    "ssh",
    "ssh/agent",
    "ssh/knownhosts",
    "ssh/terminal",
  ]
  pruneopts = "NUT"
  revision = "a49355c7e3f8fe157a85be2f77e6e269a0f89602"

[[projects]]
  branch = "master"
  digest = "1:2cd113b6cf2ddeddb6f38afa1ec276319769f1614f8b9377eabba134a1dc7e8e"
  name = "golang.org/x/net"
  packages = [
    "context",
    "context/ctxhttp",
    "http/httpguts",
    "http2",
    "http2/hpack",
    "idna",
    "internal/timeseries",
    "trace",
  ]
  pruneopts = "NUT"
  revision = "afe8f62b1d6bbd81f31868121a50b06d8188e1f9"

[[projects]]
  branch = "master"
  digest = "1:b470ef25faa1de1f870d804f1c42d5914a7de3fbde11e2cf8dd08050894b94b1"
  name = "golang.org/x/oauth2"
  packages = [
    ".",
    "github",
    "internal",
  ]
  pruneopts = "NUT"
  revision = "d668ce993890a79bda886613ee587a69dd5da7a6"

[[projects]]
  branch = "master"
  digest = "1:baa3044d8a33b3cd690c16fd555c5a543f980206cd1a696f7902307f57f911ec"
  name = "golang.org/x/sys"
  packages = [
    "unix",
    "windows",
  ]
  pruneopts = "NUT"
  revision = "7138fd3d9dc8335c567ca206f4333fb75eb05d56"

[[projects]]
  digest = "1:e7071ed636b5422cc51c0e3a6cebc229d6c9fffc528814b519a980641422d619"
  name = "golang.org/x/text"
  packages = [
    "collate",
    "collate/build",
    "internal/colltab",
    "internal/gen",
    "internal/tag",
    "internal/triegen",
    "internal/ucd",
    "language",
    "secure/bidirule",
    "transform",
    "unicode/bidi",
    "unicode/cldr",
    "unicode/norm",
    "unicode/rangetable",
  ]
  pruneopts = "NUT"
  revision = "f21a4dfb5e38f5895301dc265a8def02365cc3d0"
  version = "v0.3.0"

[[projects]]
  digest = "1:c00148043bcc11d1b168d9fe77e9e29928095a8b0fd3090c13037aa7540b6403"
  name = "google.golang.org/appengine"
  packages = [
    ".",
    "datastore",
    "internal",
    "internal/app_identity",
    "internal/base",
    "internal/datastore",
    "internal/log",
    "internal/modules",
    "internal/remote_api",
    "internal/urlfetch",
    "urlfetch",
  ]
  pruneopts = "NUT"
  revision = "ae0ab99deb4dc413a2b4bd6c8bdd0eb67f1e4d06"
  version = "v1.2.0"

[[projects]]
  branch = "master"
  digest = "1:601e63e7d4577f907118bec825902505291918859d223bce015539e79f1160e3"
  name = "google.golang.org/genproto"
  packages = ["googleapis/rpc/status"]
  pruneopts = "NUT"
  revision = "80063a038e333bbe006c878e4c5ce4c74d055498"

[[projects]]
  digest = "1:d0e5846da58e4e20d1bbd7502b24f31d37e3ac1e02a9042d95bd93c2d0c139dd"
  name = "google.golang.org/grpc"
  packages = [
    ".",
    "balancer",
    "balancer/base",
    "balancer/roundrobin",
    "codes",
    "connectivity",
    "credentials",
    "encoding",
    "encoding/proto",
    "grpclog",
    "internal",
    "internal/backoff",
    "internal/channelz",
    "internal/grpcrand",
    "keepalive",
    "metadata",
    "naming",
    "peer",
    "resolver",
    "resolver/dns",
    "resolver/passthrough",
    "stats",
    "status",
    "tap",
    "transport",
  ]
  pruneopts = "NUT"
  revision = "168a6198bcb0ef175f7dacec0b8691fc141dc9b8"
  version = "v1.13.0"

[[projects]]
  digest = "1:85ce4b06f191dd616ad7f4377843ea08db7db003757bd0a67e1b3ac4cbd5c2ef"
  name = "gopkg.in/bblfsh/sdk.v1"
  packages = [
    "manifest",
    "protocol",
    "uast",
  ]
  pruneopts = "NUT"
  revision = "96e92bdde3785e655b8095a576addd52b96c6c61"
  version = "v1.16.0"

[[projects]]
  branch = "v1"
  digest = "1:0c0dfc6cf4abe5dab1ed03118f6cff3ac7345317dce2f35b32fe820b0154f6a1"
  name = "gopkg.in/check.v1"
  packages = ["."]
  pruneopts = "NUT"
  revision = "20d25e2804050c1cd24a7eea1e7a6447dd0e74ec"

[[projects]]
  digest = "1:d11329b27b0f34c399185531f3232493d7da40f576574da04776812b0a94f66b"
  name = "gopkg.in/src-d/enry.v1"
  packages = [
    ".",
    "data",
    "internal/tokenizer",
  ]
  pruneopts = "NUT"
  revision = "6712d4219fb747194f38d0fc72121ca0a46ebcea"
  version = "v1.6.4"

[[projects]]
  digest = "1:b3aa16e13560619b05e0bf75832cf74272c183b5879a29415cf23b12c3ea0e92"
  name = "gopkg.in/src-d/go-billy.v4"
  packages = [
    ".",
    "helper/chroot",
    "helper/polyfill",
    "memfs",
    "osfs",
    "util",
  ]
  pruneopts = "NUT"
  revision = "83cf655d40b15b427014d7875d10850f96edba14"
  version = "v4.2.0"

[[projects]]
  branch = "master"
  digest = "1:d7584e5306287c1de78a8de5e0d4e76cf556b6db1cc8025571f0d61f2327bc8b"
  name = "gopkg.in/src-d/go-cli.v0"
  packages = ["."]
  pruneopts = "NUT"
  revision = "d492247bbc0df2be12b7767179b14ea23430964f"

[[projects]]
  digest = "1:c88b418aec7505bdb7618086f60dc41663d0609e12cc46473fe16039d35bbfd9"
  name = "gopkg.in/src-d/go-errors.v0"
  packages = ["."]
  pruneopts = "NUT"
  revision = "6f07baca276330431b44ece8ee84ac98167bc4ea"
  version = "v0.1.0"

[[projects]]
  digest = "1:e79c76b3315c08c2c9d4d09d308ef2be7e4a4161fdcbe5c56040b3641f21096c"
  name = "gopkg.in/src-d/go-errors.v1"
  packages = ["."]
  pruneopts = "NUT"
  revision = "8bbbeeb767dfdd053b9b45d5a16a4f4ce2c6f694"
  version = "v1.0.0"

[[projects]]
  digest = "1:251a6672526e992d31a9db679a7aa0a2d19b96f95af3417d237d65135ccd0fef"
  name = "gopkg.in/src-d/go-git-fixtures.v3"
  packages = ["."]
  pruneopts = "T"
  revision = "a29d269c3be65e4d1b20c29133c74e0551e1aa5d"
  version = "v3.1.0"

[[projects]]
  digest = "1:8225fd93ba0a18906b05a2ab52808349968f11a8c9c4be27001c2d10dbf781ef"
  name = "gopkg.in/src-d/go-git.v4"
  packages = [
    ".",
    "config",
    "internal/revision",
    "plumbing",
    "plumbing/cache",
    "plumbing/filemode",
    "plumbing/format/config",
    "plumbing/format/diff",
    "plumbing/format/gitignore",
    "plumbing/format/idxfile",
    "plumbing/format/index",
    "plumbing/format/objfile",
    "plumbing/format/packfile",
    "plumbing/format/pktline",
    "plumbing/object",
    "plumbing/protocol/packp",
    "plumbing/protocol/packp/capability",
    "plumbing/protocol/packp/sideband",
    "plumbing/revlist",
    "plumbing/storer",
    "plumbing/transport",
    "plumbing/transport/client",
    "plumbing/transport/file",
    "plumbing/transport/git",
    "plumbing/transport/http",
    "plumbing/transport/internal/common",
    "plumbing/transport/server",
    "plumbing/transport/ssh",
    "storage",
    "storage/filesystem",
    "storage/filesystem/dotgit",
    "storage/memory",
    "utils/binary",
    "utils/diff",
    "utils/ioutil",
    "utils/merkletrie",
    "utils/merkletrie/filesystem",
    "utils/merkletrie/index",
    "utils/merkletrie/internal/frame",
    "utils/merkletrie/noder",
  ]
  pruneopts = "NUT"
  revision = "cd64b4d630b6c2d2b3d72e9615e14f9d58bb5787"
  version = "v4.7.1"

[[projects]]
  digest = "1:c1d9b0ec7eca0c5f1b82abe29ec426a94f43b0f1a4641f99ac80af921fe123fe"
  name = "gopkg.in/src-d/go-kallax.v1"
  packages = [
    ".",
    "types",
  ]
  pruneopts = "NUT"
  revision = "54324d6a2cb11186536d8f30e409742fa0c26272"
  version = "v1.3.5"

[[projects]]
  digest = "1:0d4af6fbf8a26e281ba21b1075844804a6509fbd170369a6f466a8b2fcdbb0b2"
  name = "gopkg.in/src-d/go-log.v1"
  packages = ["."]
  pruneopts = "NUT"
  revision = "289c0569da6b085f689b7b133944816c3428ed64"
  version = "v1.0.1"

[[projects]]
  digest = "1:30a3b11284f8d5d7cd70b69ce248b3b1be42d60925f890041bd8053aa4e84b57"
  name = "gopkg.in/src-d/go-queue.v1"
  packages = [
    ".",
    "amqp",
    "memory",
  ]
  pruneopts = "NUT"
  revision = "a66740343c2e86af43071508783c16b9c5f92319"
  version = "v1.0.5"

[[projects]]
  digest = "1:42019efa120ff70fcf7104563f8a3386136c52f0ff61daf3c84708daf3ceb17b"
  name = "gopkg.in/src-d/lookout-sdk.v0"
  packages = ["pb"]
  pruneopts = "NUT"
  revision = "33a9075b6f4da60610cf1a82959fe18733a97859"
  version = "v0.3.0"

[[projects]]
  digest = "1:20d5d24cfd1dac53cbf730d5c9861c0792c68ae547e67fc16fa0ed0660481b0a"
  name = "gopkg.in/toqueteos/substring.v1"
  packages = ["."]
  pruneopts = "NUT"
  revision = "c5f61671513240ddf5563635cc4a90e9f3ae4710"
  version = "v1.0.2"

[[projects]]
  digest = "1:607fef1a83d1365826cd57a1ea1a10704df5db2fc149e433ec1aacf09b5111ab"
  name = "gopkg.in/vmihailenco/msgpack.v2"
  packages = [
    ".",
    "codes",
  ]
  pruneopts = "NUT"
  revision = "f4f8982de4ef0de18be76456617cc3f5d8d8141e"
  version = "v2.9.1"

[[projects]]
  digest = "1:b233ad4ec87ac916e7bf5e678e98a2cb9e8b52f6de6ad3e11834fc7a71b8e3bf"
  name = "gopkg.in/warnings.v0"
  packages = ["."]
  pruneopts = "NUT"
  revision = "ec4a0fea49c7b46c2aeb0b51aac55779c607e52b"
  version = "v0.1.2"

[[projects]]
  digest = "1:7c95b35057a0ff2e19f707173cc1a947fa43a6eb5c4d300d196ece0334046082"
  name = "gopkg.in/yaml.v2"
  packages = ["."]
  pruneopts = "NUT"
  revision = "5420a8b6744d3b0345ab293f6fcba19c978f1183"
  version = "v2.2.1"

[solve-meta]
  analyzer-name = "dep"
  analyzer-version = 1
  input-imports = [
    "github.com/bradleyfalzon/ghinstallation",
    "github.com/dgrijalva/jwt-go",
    "github.com/dgrijalva/jwt-go/request",
    "github.com/go-chi/chi",
    "github.com/go-chi/chi/middleware",
    "github.com/gogo/protobuf/types",
    "github.com/golang-migrate/migrate",
    "github.com/golang-migrate/migrate/database/postgres",
    "github.com/golang-migrate/migrate/source",
    "github.com/google/go-github/github",
    "github.com/gorilla/sessions",
    "github.com/gregjones/httpcache",
    "github.com/gregjones/httpcache/diskcache",
    "github.com/grpc-ecosystem/go-grpc-middleware",
    "github.com/grpc-ecosystem/go-grpc-middleware/logging",
    "github.com/hashicorp/golang-lru",
    "github.com/jinzhu/copier",
    "github.com/lib/pq",
    "github.com/mwitkow/grpc-proxy/proxy",
    "github.com/rs/cors",
    "github.com/sanity-io/litter",
    "github.com/satori/go.uuid",
    "github.com/src-d/lookout-test-fixtures",
    "github.com/stretchr/testify/assert",
    "github.com/stretchr/testify/mock",
    "github.com/stretchr/testify/require",
    "github.com/stretchr/testify/suite",
    "golang.org/x/oauth2",
    "golang.org/x/oauth2/github",
    "google.golang.org/grpc",
    "google.golang.org/grpc/codes",
    "google.golang.org/grpc/connectivity",
    "google.golang.org/grpc/metadata",
    "google.golang.org/grpc/status",
    "gopkg.in/bblfsh/sdk.v1/protocol",
    "gopkg.in/bblfsh/sdk.v1/uast",
    "gopkg.in/src-d/enry.v1",
    "gopkg.in/src-d/go-billy.v4",
    "gopkg.in/src-d/go-billy.v4/memfs",
    "gopkg.in/src-d/go-billy.v4/osfs",
    "gopkg.in/src-d/go-billy.v4/util",
    "gopkg.in/src-d/go-cli.v0",
    "gopkg.in/src-d/go-errors.v1",
    "gopkg.in/src-d/go-git-fixtures.v3",
    "gopkg.in/src-d/go-git.v4",
    "gopkg.in/src-d/go-git.v4/config",
    "gopkg.in/src-d/go-git.v4/plumbing",
    "gopkg.in/src-d/go-git.v4/plumbing/cache",
    "gopkg.in/src-d/go-git.v4/plumbing/object",
    "gopkg.in/src-d/go-git.v4/plumbing/storer",
    "gopkg.in/src-d/go-git.v4/plumbing/transport",
    "gopkg.in/src-d/go-git.v4/plumbing/transport/http",
    "gopkg.in/src-d/go-git.v4/storage",
    "gopkg.in/src-d/go-git.v4/storage/filesystem",
    "gopkg.in/src-d/go-git.v4/utils/binary",
    "gopkg.in/src-d/go-git.v4/utils/ioutil",
    "gopkg.in/src-d/go-kallax.v1",
    "gopkg.in/src-d/go-kallax.v1/types",
    "gopkg.in/src-d/go-log.v1",
    "gopkg.in/src-d/go-queue.v1",
    "gopkg.in/src-d/go-queue.v1/amqp",
    "gopkg.in/src-d/go-queue.v1/memory",
    "gopkg.in/src-d/lookout-sdk.v0/pb",
    "gopkg.in/yaml.v2",
  ]
  solver-name = "gps-cdcl"
  solver-version = 1
