# This file is autogenerated, do not edit; changes may be undone by the next 'dep ensure'.


[[projects]]
  digest = "1:4188aa72a000b77a01eaf88d53de659bfbfd98988965b32ff95b7dd1270ae4d9"
  name = "github.com/mjibson/esc"
  packages = [
    ".",
    "embed",
  ]
  pruneopts = "UT"
  revision = "0ea7db170df78dcddf3e223365f444163147fe89"

[[projects]]
  digest = "1:cf31692c14422fa27c83a05292eb5cbe0fb2775972e8f1f8446a71549bd8980b"
  name = "github.com/pkg/errors"
  packages = ["."]
  pruneopts = "UT"
  revision = "ba968bfe8b2f7e042a574c888954fccecfa385b4"
  version = "v0.8.1"

[[projects]]
  branch = "master"
  digest = "1:e46d8e20161401a9cf8765dfa428494a3492a0b56fe114156b7da792bf41ba78"
  name = "golang.org/x/tools"
  packages = [
    "go/ast/astutil",
    "go/gcexportdata",
    "go/internal/cgo",
    "go/internal/gcimporter",
    "go/internal/packagesdriver",
    "go/packages",
    "go/types/typeutil",
    "imports",
    "internal/fastwalk",
    "internal/gopathwalk",
    "internal/module",
    "internal/semver",
  ]
  pruneopts = "UT"
  revision = "589c23e65e65055d47b9ad4a99723bc389136265"

[solve-meta]
  analyzer-name = "dep"
  analyzer-version = 1
  input-imports = ["github.com/mjibson/esc"]
  solver-name = "gps-cdcl"
  solver-version = 1
